// !$*UTF8*$!
{
	archiveVersion = 1;
	classes = {
	};
	objectVersion = 56;
	objects = {

/* Begin PBXBuildFile section */
		B2686D912BED61AA00D663C5 /* AppDelegate.swift in Sources */ = {isa = PBXBuildFile; fileRef = B2686D902BED61AA00D663C5 /* AppDelegate.swift */; };
		B2686D932BED61AA00D663C5 /* SceneDelegate.swift in Sources */ = {isa = PBXBuildFile; fileRef = B2686D922BED61AA00D663C5 /* SceneDelegate.swift */; };
		B2686D952BED61AA00D663C5 /* MusicPlayerViewController.swift in Sources */ = {isa = PBXBuildFile; fileRef = B2686D942BED61AA00D663C5 /* MusicPlayerViewController.swift */; };
		B2686D9A2BED61AD00D663C5 /* Assets.xcassets in Resources */ = {isa = PBXBuildFile; fileRef = B2686D992BED61AD00D663C5 /* Assets.xcassets */; };
		B2686D9D2BED61AD00D663C5 /* LaunchScreen.storyboard in Resources */ = {isa = PBXBuildFile; fileRef = B2686D9B2BED61AD00D663C5 /* LaunchScreen.storyboard */; };
		B2686DA62BEDE8D800D663C5 /* Hex in Frameworks */ = {isa = PBXBuildFile; productRef = B2686DA52BEDE8D800D663C5 /* Hex */; };
		B2686DAD2BEE443000D663C5 /* NavigationController.swift in Sources */ = {isa = PBXBuildFile; fileRef = B2686DAC2BEE443000D663C5 /* NavigationController.swift */; };
		B2686DAF2BEE56FF00D663C5 /* UIViewExtension.swift in Sources */ = {isa = PBXBuildFile; fileRef = B2686DAE2BEE56FF00D663C5 /* UIViewExtension.swift */; };
/* End PBXBuildFile section */

/* Begin PBXFileReference section */
		B2686D8D2BED61AA00D663C5 /* MusicPlayerApp.app */ = {isa = PBXFileReference; explicitFileType = wrapper.application; includeInIndex = 0; path = MusicPlayerApp.app; sourceTree = BUILT_PRODUCTS_DIR; };
		B2686D902BED61AA00D663C5 /* AppDelegate.swift */ = {isa = PBXFileReference; lastKnownFileType = sourcecode.swift; path = AppDelegate.swift; sourceTree = "<group>"; };
		B2686D922BED61AA00D663C5 /* SceneDelegate.swift */ = {isa = PBXFileReference; lastKnownFileType = sourcecode.swift; path = SceneDelegate.swift; sourceTree = "<group>"; };
		B2686D942BED61AA00D663C5 /* MusicPlayerViewController.swift */ = {isa = PBXFileReference; lastKnownFileType = sourcecode.swift; path = MusicPlayerViewController.swift; sourceTree = "<group>"; };
		B2686D992BED61AD00D663C5 /* Assets.xcassets */ = {isa = PBXFileReference; lastKnownFileType = folder.assetcatalog; path = Assets.xcassets; sourceTree = "<group>"; };
		B2686D9C2BED61AD00D663C5 /* Base */ = {isa = PBXFileReference; lastKnownFileType = file.storyboard; name = Base; path = Base.lproj/LaunchScreen.storyboard; sourceTree = "<group>"; };
		B2686D9E2BED61AD00D663C5 /* Info.plist */ = {isa = PBXFileReference; lastKnownFileType = text.plist.xml; path = Info.plist; sourceTree = "<group>"; };
		B2686DAC2BEE443000D663C5 /* NavigationController.swift */ = {isa = PBXFileReference; lastKnownFileType = sourcecode.swift; path = NavigationController.swift; sourceTree = "<group>"; };
		B2686DAE2BEE56FF00D663C5 /* UIViewExtension.swift */ = {isa = PBXFileReference; lastKnownFileType = sourcecode.swift; path = UIViewExtension.swift; sourceTree = "<group>"; };
/* End PBXFileReference section */

/* Begin PBXFrameworksBuildPhase section */
		B2686D8A2BED61AA00D663C5 /* Frameworks */ = {
			isa = PBXFrameworksBuildPhase;
			buildActionMask = 2147483647;
			files = (
				B2686DA62BEDE8D800D663C5 /* Hex in Frameworks */,
			);
			runOnlyForDeploymentPostprocessing = 0;
		};
/* End PBXFrameworksBuildPhase section */

/* Begin PBXGroup section */
		B2686D842BED61AA00D663C5 = {
			isa = PBXGroup;
			children = (
				B2686D8F2BED61AA00D663C5 /* MusicPlayerApp */,
				B2686D8E2BED61AA00D663C5 /* Products */,
			);
			sourceTree = "<group>";
		};
		B2686D8E2BED61AA00D663C5 /* Products */ = {
			isa = PBXGroup;
			children = (
				B2686D8D2BED61AA00D663C5 /* MusicPlayerApp.app */,
			);
			name = Products;
			sourceTree = "<group>";
		};
		B2686D8F2BED61AA00D663C5 /* MusicPlayerApp */ = {
			isa = PBXGroup;
			children = (
				B2686DB02BEE571B00D663C5 /* UI Extensions */,
				B2686DAA2BEDEB2200D663C5 /* App */,
				B2686DAB2BEDEB2800D663C5 /* Scene */,
				B2686DA72BEDEAF700D663C5 /* SupportingFiles */,
			);
			path = MusicPlayerApp;
			sourceTree = "<group>";
		};
		B2686DA72BEDEAF700D663C5 /* SupportingFiles */ = {
			isa = PBXGroup;
			children = (
				B2686DA82BEDEB0700D663C5 /* Resources */,
				B2686DA92BEDEB1300D663C5 /* Launch */,
				B2686D9E2BED61AD00D663C5 /* Info.plist */,
			);
			path = SupportingFiles;
			sourceTree = "<group>";
		};
		B2686DA82BEDEB0700D663C5 /* Resources */ = {
			isa = PBXGroup;
			children = (
				B2686D992BED61AD00D663C5 /* Assets.xcassets */,
			);
			path = Resources;
			sourceTree = "<group>";
		};
		B2686DA92BEDEB1300D663C5 /* Launch */ = {
			isa = PBXGroup;
			children = (
				B2686D9B2BED61AD00D663C5 /* LaunchScreen.storyboard */,
			);
			path = Launch;
			sourceTree = "<group>";
		};
		B2686DAA2BEDEB2200D663C5 /* App */ = {
			isa = PBXGroup;
			children = (
				B2686D902BED61AA00D663C5 /* AppDelegate.swift */,
				B2686D922BED61AA00D663C5 /* SceneDelegate.swift */,
			);
			path = App;
			sourceTree = "<group>";
		};
		B2686DAB2BEDEB2800D663C5 /* Scene */ = {
			isa = PBXGroup;
			children = (
				B2686D942BED61AA00D663C5 /* MusicPlayerViewController.swift */,
				B2686DAC2BEE443000D663C5 /* NavigationController.swift */,
			);
			path = Scene;
			sourceTree = "<group>";
		};
		B2686DB02BEE571B00D663C5 /* UI Extensions */ = {
			isa = PBXGroup;
			children = (
				B2686DAE2BEE56FF00D663C5 /* UIViewExtension.swift */,
			);
			path = "UI Extensions";
			sourceTree = "<group>";
		};
/* End PBXGroup section */

/* Begin PBXNativeTarget section */
		B2686D8C2BED61AA00D663C5 /* MusicPlayerApp */ = {
			isa = PBXNativeTarget;
			buildConfigurationList = B2686DA12BED61AD00D663C5 /* Build configuration list for PBXNativeTarget "MusicPlayerApp" */;
			buildPhases = (
				B2686D892BED61AA00D663C5 /* Sources */,
				B2686D8A2BED61AA00D663C5 /* Frameworks */,
				B2686D8B2BED61AA00D663C5 /* Resources */,
			);
			buildRules = (
			);
			dependencies = (
			);
			name = MusicPlayerApp;
			packageProductDependencies = (
				B2686DA52BEDE8D800D663C5 /* Hex */,
			);
			productName = MusicPlayerApp;
			productReference = B2686D8D2BED61AA00D663C5 /* MusicPlayerApp.app */;
			productType = "com.apple.product-type.application";
		};
/* End PBXNativeTarget section */

/* Begin PBXProject section */
		B2686D852BED61AA00D663C5 /* Project object */ = {
			isa = PBXProject;
			attributes = {
				BuildIndependentTargetsInParallel = 1;
				LastSwiftUpdateCheck = 1520;
				LastUpgradeCheck = 1520;
				TargetAttributes = {
					B2686D8C2BED61AA00D663C5 = {
						CreatedOnToolsVersion = 15.2;
					};
				};
			};
			buildConfigurationList = B2686D882BED61AA00D663C5 /* Build configuration list for PBXProject "MusicPlayerApp" */;
			compatibilityVersion = "Xcode 14.0";
			developmentRegion = en;
			hasScannedForEncodings = 0;
			knownRegions = (
				en,
				Base,
			);
			mainGroup = B2686D842BED61AA00D663C5;
			packageReferences = (
				B2686DA42BEDE8D800D663C5 /* XCRemoteSwiftPackageReference "hex" */,
			);
			productRefGroup = B2686D8E2BED61AA00D663C5 /* Products */;
			projectDirPath = "";
			projectRoot = "";
			targets = (
				B2686D8C2BED61AA00D663C5 /* MusicPlayerApp */,
			);
		};
/* End PBXProject section */

/* Begin PBXResourcesBuildPhase section */
		B2686D8B2BED61AA00D663C5 /* Resources */ = {
			isa = PBXResourcesBuildPhase;
			buildActionMask = 2147483647;
			files = (
				B2686D9D2BED61AD00D663C5 /* LaunchScreen.storyboard in Resources */,
				B2686D9A2BED61AD00D663C5 /* Assets.xcassets in Resources */,
			);
			runOnlyForDeploymentPostprocessing = 0;
		};
/* End PBXResourcesBuildPhase section */

/* Begin PBXSourcesBuildPhase section */
		B2686D892BED61AA00D663C5 /* Sources */ = {
			isa = PBXSourcesBuildPhase;
			buildActionMask = 2147483647;
			files = (
				B2686DAF2BEE56FF00D663C5 /* UIViewExtension.swift in Sources */,
				B2686D952BED61AA00D663C5 /* MusicPlayerViewController.swift in Sources */,
				B2686DAD2BEE443000D663C5 /* NavigationController.swift in Sources */,
				B2686D912BED61AA00D663C5 /* AppDelegate.swift in Sources */,
				B2686D932BED61AA00D663C5 /* SceneDelegate.swift in Sources */,
			);
			runOnlyForDeploymentPostprocessing = 0;
		};
/* End PBXSourcesBuildPhase section */

/* Begin PBXVariantGroup section */
		B2686D9B2BED61AD00D663C5 /* LaunchScreen.storyboard */ = {
			isa = PBXVariantGroup;
			children = (
				B2686D9C2BED61AD00D663C5 /* Base */,
			);
			name = LaunchScreen.storyboard;
			sourceTree = "<group>";
		};
/* End PBXVariantGroup section */

/* Begin XCBuildConfiguration section */
		B2686D9F2BED61AD00D663C5 /* Debug */ = {
			isa = XCBuildConfiguration;
			buildSettings = {
				ALWAYS_SEARCH_USER_PATHS = NO;
				ASSETCATALOG_COMPILER_GENERATE_SWIFT_ASSET_SYMBOL_EXTENSIONS = YES;
				CLANG_ANALYZER_NONNULL = YES;
				CLANG_ANALYZER_NUMBER_OBJECT_CONVERSION = YES_AGGRESSIVE;
				CLANG_CXX_LANGUAGE_STANDARD = "gnu++20";
				CLANG_ENABLE_MODULES = YES;
				CLANG_ENABLE_OBJC_ARC = YES;
				CLANG_ENABLE_OBJC_WEAK = YES;
				CLANG_WARN_BLOCK_CAPTURE_AUTORELEASING = YES;
				CLANG_WARN_BOOL_CONVERSION = YES;
				CLANG_WARN_COMMA = YES;
				CLANG_WARN_CONSTANT_CONVERSION = YES;
				CLANG_WARN_DEPRECATED_OBJC_IMPLEMENTATIONS = YES;
				CLANG_WARN_DIRECT_OBJC_ISA_USAGE = YES_ERROR;
				CLANG_WARN_DOCUMENTATION_COMMENTS = YES;
				CLANG_WARN_EMPTY_BODY = YES;
				CLANG_WARN_ENUM_CONVERSION = YES;
				CLANG_WARN_INFINITE_RECURSION = YES;
				CLANG_WARN_INT_CONVERSION = YES;
				CLANG_WARN_NON_LITERAL_NULL_CONVERSION = YES;
				CLANG_WARN_OBJC_IMPLICIT_RETAIN_SELF = YES;
				CLANG_WARN_OBJC_LITERAL_CONVERSION = YES;
				CLANG_WARN_OBJC_ROOT_CLASS = YES_ERROR;
				CLANG_WARN_QUOTED_INCLUDE_IN_FRAMEWORK_HEADER = YES;
				CLANG_WARN_RANGE_LOOP_ANALYSIS = YES;
				CLANG_WARN_STRICT_PROTOTYPES = YES;
				CLANG_WARN_SUSPICIOUS_MOVE = YES;
				CLANG_WARN_UNGUARDED_AVAILABILITY = YES_AGGRESSIVE;
				CLANG_WARN_UNREACHABLE_CODE = YES;
				CLANG_WARN__DUPLICATE_METHOD_MATCH = YES;
				COPY_PHASE_STRIP = NO;
				DEBUG_INFORMATION_FORMAT = dwarf;
				ENABLE_STRICT_OBJC_MSGSEND = YES;
				ENABLE_TESTABILITY = YES;
				ENABLE_USER_SCRIPT_SANDBOXING = YES;
				GCC_C_LANGUAGE_STANDARD = gnu17;
				GCC_DYNAMIC_NO_PIC = NO;
				GCC_NO_COMMON_BLOCKS = YES;
				GCC_OPTIMIZATION_LEVEL = 0;
				GCC_PREPROCESSOR_DEFINITIONS = (
					"DEBUG=1",
					"$(inherited)",
				);
				GCC_WARN_64_TO_32_BIT_CONVERSION = YES;
				GCC_WARN_ABOUT_RETURN_TYPE = YES_ERROR;
				GCC_WARN_UNDECLARED_SELECTOR = YES;
				GCC_WARN_UNINITIALIZED_AUTOS = YES_AGGRESSIVE;
				GCC_WARN_UNUSED_FUNCTION = YES;
				GCC_WARN_UNUSED_VARIABLE = YES;
				IPHONEOS_DEPLOYMENT_TARGET = 17.2;
				LOCALIZATION_PREFERS_STRING_CATALOGS = YES;
				MTL_ENABLE_DEBUG_INFO = INCLUDE_SOURCE;
				MTL_FAST_MATH = YES;
				ONLY_ACTIVE_ARCH = YES;
				SDKROOT = iphoneos;
				SWIFT_ACTIVE_COMPILATION_CONDITIONS = "DEBUG $(inherited)";
				SWIFT_OPTIMIZATION_LEVEL = "-Onone";
			};
			name = Debug;
		};
		B2686DA02BED61AD00D663C5 /* Release */ = {
			isa = XCBuildConfiguration;
			buildSettings = {
				ALWAYS_SEARCH_USER_PATHS = NO;
				ASSETCATALOG_COMPILER_GENERATE_SWIFT_ASSET_SYMBOL_EXTENSIONS = YES;
				CLANG_ANALYZER_NONNULL = YES;
				CLANG_ANALYZER_NUMBER_OBJECT_CONVERSION = YES_AGGRESSIVE;
				CLANG_CXX_LANGUAGE_STANDARD = "gnu++20";
				CLANG_ENABLE_MODULES = YES;
				CLANG_ENABLE_OBJC_ARC = YES;
				CLANG_ENABLE_OBJC_WEAK = YES;
				CLANG_WARN_BLOCK_CAPTURE_AUTORELEASING = YES;
				CLANG_WARN_BOOL_CONVERSION = YES;
				CLANG_WARN_COMMA = YES;
				CLANG_WARN_CONSTANT_CONVERSION = YES;
				CLANG_WARN_DEPRECATED_OBJC_IMPLEMENTATIONS = YES;
				CLANG_WARN_DIRECT_OBJC_ISA_USAGE = YES_ERROR;
				CLANG_WARN_DOCUMENTATION_COMMENTS = YES;
				CLANG_WARN_EMPTY_BODY = YES;
				CLANG_WARN_ENUM_CONVERSION = YES;
				CLANG_WARN_INFINITE_RECURSION = YES;
				CLANG_WARN_INT_CONVERSION = YES;
				CLANG_WARN_NON_LITERAL_NULL_CONVERSION = YES;
				CLANG_WARN_OBJC_IMPLICIT_RETAIN_SELF = YES;
				CLANG_WARN_OBJC_LITERAL_CONVERSION = YES;
				CLANG_WARN_OBJC_ROOT_CLASS = YES_ERROR;
				CLANG_WARN_QUOTED_INCLUDE_IN_FRAMEWORK_HEADER = YES;
				CLANG_WARN_RANGE_LOOP_ANALYSIS = YES;
				CLANG_WARN_STRICT_PROTOTYPES = YES;
				CLANG_WARN_SUSPICIOUS_MOVE = YES;
				CLANG_WARN_UNGUARDED_AVAILABILITY = YES_AGGRESSIVE;
				CLANG_WARN_UNREACHABLE_CODE = YES;
				CLANG_WARN__DUPLICATE_METHOD_MATCH = YES;
				COPY_PHASE_STRIP = NO;
				DEBUG_INFORMATION_FORMAT = "dwarf-with-dsym";
				ENABLE_NS_ASSERTIONS = NO;
				ENABLE_STRICT_OBJC_MSGSEND = YES;
				ENABLE_USER_SCRIPT_SANDBOXING = YES;
				GCC_C_LANGUAGE_STANDARD = gnu17;
				GCC_NO_COMMON_BLOCKS = YES;
				GCC_WARN_64_TO_32_BIT_CONVERSION = YES;
				GCC_WARN_ABOUT_RETURN_TYPE = YES_ERROR;
				GCC_WARN_UNDECLARED_SELECTOR = YES;
				GCC_WARN_UNINITIALIZED_AUTOS = YES_AGGRESSIVE;
				GCC_WARN_UNUSED_FUNCTION = YES;
				GCC_WARN_UNUSED_VARIABLE = YES;
				IPHONEOS_DEPLOYMENT_TARGET = 17.2;
				LOCALIZATION_PREFERS_STRING_CATALOGS = YES;
				MTL_ENABLE_DEBUG_INFO = NO;
				MTL_FAST_MATH = YES;
				SDKROOT = iphoneos;
				SWIFT_COMPILATION_MODE = wholemodule;
				VALIDATE_PRODUCT = YES;
			};
			name = Release;
		};
		B2686DA22BED61AD00D663C5 /* Debug */ = {
			isa = XCBuildConfiguration;
			buildSettings = {
				ASSETCATALOG_COMPILER_APPICON_NAME = AppIcon;
				ASSETCATALOG_COMPILER_GLOBAL_ACCENT_COLOR_NAME = AccentColor;
				CODE_SIGN_STYLE = Automatic;
				CURRENT_PROJECT_VERSION = 1;
				GENERATE_INFOPLIST_FILE = YES;
				INFOPLIST_FILE = MusicPlayerApp/SupportingFiles/Info.plist;
				INFOPLIST_KEY_UIApplicationSupportsIndirectInputEvents = YES;
				INFOPLIST_KEY_UILaunchStoryboardName = LaunchScreen;
				INFOPLIST_KEY_UISupportedInterfaceOrientations_iPad = "UIInterfaceOrientationPortrait UIInterfaceOrientationPortraitUpsideDown UIInterfaceOrientationLandscapeLeft UIInterfaceOrientationLandscapeRight";
				INFOPLIST_KEY_UISupportedInterfaceOrientations_iPhone = "UIInterfaceOrientationPortrait UIInterfaceOrientationLandscapeLeft UIInterfaceOrientationLandscapeRight";
				LD_RUNPATH_SEARCH_PATHS = (
					"$(inherited)",
					"@executable_path/Frameworks",
				);
				MARKETING_VERSION = 1.0;
				PRODUCT_BUNDLE_IDENTIFIER = ge.TBCAcademy.MusicPlayerApp;
				PRODUCT_NAME = "$(TARGET_NAME)";
				SWIFT_EMIT_LOC_STRINGS = YES;
				SWIFT_VERSION = 5.0;
				TARGETED_DEVICE_FAMILY = "1,2";
			};
			name = Debug;
		};
		B2686DA32BED61AD00D663C5 /* Release */ = {
			isa = XCBuildConfiguration;
			buildSettings = {
				ASSETCATALOG_COMPILER_APPICON_NAME = AppIcon;
				ASSETCATALOG_COMPILER_GLOBAL_ACCENT_COLOR_NAME = AccentColor;
				CODE_SIGN_STYLE = Automatic;
				CURRENT_PROJECT_VERSION = 1;
				GENERATE_INFOPLIST_FILE = YES;
				INFOPLIST_FILE = MusicPlayerApp/SupportingFiles/Info.plist;
				INFOPLIST_KEY_UIApplicationSupportsIndirectInputEvents = YES;
				INFOPLIST_KEY_UILaunchStoryboardName = LaunchScreen;
				INFOPLIST_KEY_UISupportedInterfaceOrientations_iPad = "UIInterfaceOrientationPortrait UIInterfaceOrientationPortraitUpsideDown UIInterfaceOrientationLandscapeLeft UIInterfaceOrientationLandscapeRight";
				INFOPLIST_KEY_UISupportedInterfaceOrientations_iPhone = "UIInterfaceOrientationPortrait UIInterfaceOrientationLandscapeLeft UIInterfaceOrientationLandscapeRight";
				LD_RUNPATH_SEARCH_PATHS = (
					"$(inherited)",
					"@executable_path/Frameworks",
				);
				MARKETING_VERSION = 1.0;
				PRODUCT_BUNDLE_IDENTIFIER = ge.TBCAcademy.MusicPlayerApp;
				PRODUCT_NAME = "$(TARGET_NAME)";
				SWIFT_EMIT_LOC_STRINGS = YES;
				SWIFT_VERSION = 5.0;
				TARGETED_DEVICE_FAMILY = "1,2";
			};
			name = Release;
		};
/* End XCBuildConfiguration section */

/* Begin XCConfigurationList section */
		B2686D882BED61AA00D663C5 /* Build configuration list for PBXProject "MusicPlayerApp" */ = {
			isa = XCConfigurationList;
			buildConfigurations = (
				B2686D9F2BED61AD00D663C5 /* Debug */,
				B2686DA02BED61AD00D663C5 /* Release */,
			);
			defaultConfigurationIsVisible = 0;
			defaultConfigurationName = Release;
		};
		B2686DA12BED61AD00D663C5 /* Build configuration list for PBXNativeTarget "MusicPlayerApp" */ = {
			isa = XCConfigurationList;
			buildConfigurations = (
				B2686DA22BED61AD00D663C5 /* Debug */,
				B2686DA32BED61AD00D663C5 /* Release */,
			);
			defaultConfigurationIsVisible = 0;
			defaultConfigurationName = Release;
		};
/* End XCConfigurationList section */

/* Begin XCRemoteSwiftPackageReference section */
		B2686DA42BEDE8D800D663C5 /* XCRemoteSwiftPackageReference "hex" */ = {
			isa = XCRemoteSwiftPackageReference;
			repositoryURL = "https://github.com/toddheasley/hex";
			requirement = {
				kind = upToNextMajorVersion;
				minimumVersion = 1.0.0;
			};
		};
/* End XCRemoteSwiftPackageReference section */

/* Begin XCSwiftPackageProductDependency section */
		B2686DA52BEDE8D800D663C5 /* Hex */ = {
			isa = XCSwiftPackageProductDependency;
			package = B2686DA42BEDE8D800D663C5 /* XCRemoteSwiftPackageReference "hex" */;
			productName = Hex;
		};
/* End XCSwiftPackageProductDependency section */
	};
	rootObject = B2686D852BED61AA00D663C5 /* Project object */;
}
